{
    "_meta": {
        "hash": {
            "sha256": "05e549846bf6352a7b5cf56104fd7ce6ec8ca4941f7a49038bfbe5c46fe5fa8b"
        },
        "pipfile-spec": 6,
        "requires": {
            "python_version": "3.6"
        },
        "sources": [
            {
                "name": "pypi",
                "url": "https://pypi.python.org/simple",
                "verify_ssl": true
            }
        ]
    },
    "default": {
        "aiofiles": {
            "hashes": [
                "sha256:7a973fc22b29e9962d0897805ace5856e6a566ab1f0c8e5c91ff6c866519c937",
                "sha256:8334f23235248a3b2e83b2c3a78a22674f39969b96397126cc93664d9a901e59"
            ],
            "markers": "python_version >= '3.6' and python_version < '4.0'",
            "version": "==0.8.0"
        },
        "asyncpg": {
            "hashes": [
                "sha256:0677714b26b48d63db728867b812ef365ec3879d2be6fa1c9cf4328503f9a464",
                "sha256:2dee4fb251139f1c1ee4bd9959d516f930f4da37a2f33b07c2b902b837a76666",
                "sha256:378a7ef11ce7b35f11eb816e5252bc1e779119f7583a872233b45a76effac02e",
                "sha256:4539bc2e63600a1ee999086bbb59bf717ab32ea771ac20b5b792a2234633b5fb",
                "sha256:4a779a85302241782bed8ed0f2bcb38544805b3e107b16ee7489c5818d8f4228",
                "sha256:51a3d67a3fa43112b17ec510338723932e1e0611ad99a146acc9960d32210196",
                "sha256:58a5eccaac60fd326e32683226efe1046bfea558fa043360bdd1708e0e812c67",
                "sha256:814343dc2baa489a11521ff9fad68f337a05c9ae0461fdf9f1ec7ac3541c13a9",
                "sha256:84084f7dfed0b2d397a0c2fd7eaf29b01904c74f4320e5fe95ad3042042cf188",
                "sha256:89e727fdba05d90a0156d9d18932fd44a2baa84e90e3368573f432a308ad8fd7",
                "sha256:ab8b9d367e3ef48f35a059642940714a2bda7a7fce8b017b21bfbc4f8fbf8f5f",
                "sha256:c1fe1f0ef848f0f17bf63b90a4c3f446a14e4c899d8531ea988109cc0de014e5",
                "sha256:cc7aa61bf41273ee5d4c11e0e72c0d9340e9c4dbf752464ae2b6816abadaabce",
                "sha256:d5450bdf8631fa1200c08a2e70cab06c2e8c09ef608629908531513444d12858",
                "sha256:fd2d13da29f55c2c71b1acc9d9f107c7a5176fffb3f62ff503f2b300f7ecd74e",
                "sha256:fd35a8082b97d5b97d26bcd1b010fdd65a56311d7a02bf2a7e2c56810b9961a7"
            ],
            "index": "pypi",
            "version": "==0.18.3"
        },
        "certifi": {
            "hashes": [
                "sha256:84c85a9078b11105f04f3036a9482ae10e4621616db313fe045dd24743a0820d",
                "sha256:fe86415d55e84719d75f8b69414f6438ac3547d2078ab91b67e779ef69378412"
            ],
            "markers": "python_version >= '3.6'",
            "version": "==2022.6.15"
        },
        "contextvars": {
            "hashes": [
                "sha256:f38c908aaa59c14335eeea12abea5f443646216c4e29380d7bf34d2018e2c39e"
            ],
            "markers": "python_version < '3.7'",
            "version": "==2.4"
        },
        "h11": {
            "hashes": [
                "sha256:33d4bca7be0fa039f4e84d50ab00531047e53d6ee8ffbc83501ea602c169cae1",
                "sha256:4bc6d6a1238b7615b266ada57e0618568066f57dd6fa967d1290ec9309b2f2f1"
            ],
            "version": "==0.9.0"
        },
        "httpcore": {
            "hashes": [
                "sha256:72cfaa461dbdc262943ff4c9abf5b195391a03cdcc152e636adb4239b15e77e1",
                "sha256:a35dddd1f4cc34ff37788337ef507c0ad0276241ece6daf663ac9e77c0b87232"
            ],
            "markers": "python_version >= '3.6'",
            "version": "==0.11.1"
        },
        "httptools": {
            "hashes": [
                "sha256:1a99346ebcb801b213c591540837340bdf6fd060a8687518d01c607d338b7424",
                "sha256:1ee0b459257e222b878a6c09ccf233957d3a4dcb883b0847640af98d2d9aac23",
                "sha256:20a45bcf22452a10fa8d58b7dbdb474381f6946bf5b8933e3662d572bc61bae4",
                "sha256:29bf97a5c532da9c7a04de2c7a9c31d1d54f3abd65a464119b680206bbbb1055",
                "sha256:2c9a930c378b3d15d6b695fb95ebcff81a7395b4f9775c4f10a076beb0b2c1ff",
                "sha256:2db44a0b294d317199e9f80123e72c6b005c55b625b57fae36de68670090fa48",
                "sha256:3194f6d6443befa8d4db16c1946b2fc428a3ceb8ab32eb6f09a59f86104dc1a0",
                "sha256:34d2903dd2a3dd85d33705b6fde40bf91fc44411661283763fd0746723963c83",
                "sha256:48e48530d9b995a84d1d89ae6b3ec4e59ea7d494b150ac3bbc5e2ac4acce92cd",
                "sha256:54bbd295f031b866b9799dd39cb45deee81aca036c9bff9f58ca06726f6494f1",
                "sha256:5d1fe6b6661022fd6cac541f54a4237496b246e6f1c0a6b41998ee08a1135afe",
                "sha256:645373c070080e632480a3d251d892cb795be3d3a15f86975d0f1aca56fd230d",
                "sha256:6a1a7dfc1f9c78a833e2c4904757a0f47ce25d08634dd2a52af394eefe5f9777",
                "sha256:701e66b59dd21a32a274771238025d58db7e2b6ecebbab64ceff51b8e31527ae",
                "sha256:72aa3fbe636b16d22e04b5a9d24711b043495e0ecfe58080addf23a1a37f3409",
                "sha256:7af6bdbd21a2a25d6784f6d67f44f5df33ef39b6159543b9f9064d365c01f919",
                "sha256:7ee9f226acab9085037582c059d66769862706e8e8cd2340470ceb8b3850873d",
                "sha256:7f7bfb74718f52d5ed47d608d507bf66d3bc01d4a8b3e6dd7134daaae129357b",
                "sha256:8e2eb957787cbb614a0f006bfc5798ff1d90ac7c4dd24854c84edbdc8c02369e",
                "sha256:903f739c9fb78dab8970b0f3ea51f21955b24b45afa77b22ff0e172fc11ef111",
                "sha256:98993805f1e3cdb53de4eed02b55dcc953cdf017ba7bbb2fd89226c086a6d855",
                "sha256:9967d9758df505975913304c434cb9ab21e2c609ad859eb921f2f615a038c8de",
                "sha256:a113789e53ac1fa26edf99856a61e4c493868e125ae0dd6354cf518948fbbd5c",
                "sha256:a522d12e2ddbc2e91842ffb454a1aeb0d47607972c7d8fc88bd0838d97fb8a2a",
                "sha256:abe829275cdd4174b4c4e65ad718715d449e308d59793bf3a931ee1bf7e7b86c",
                "sha256:c286985b5e194ca0ebb2908d71464b9be8f17cc66d6d3e330e8d5407248f56ad",
                "sha256:cd1295f52971097f757edfbfce827b6dbbfb0f7a74901ee7d4933dff5ad4c9af",
                "sha256:ceafd5e960b39c7e0d160a1936b68eb87c5e79b3979d66e774f0c77d4d8faaed",
                "sha256:d1f27bb0f75bef722d6e22dc609612bfa2f994541621cd2163f8c943b6463dfe",
                "sha256:d3a4e165ca6204f34856b765d515d558dc84f1352033b8721e8d06c3e44930c3",
                "sha256:d9b90bf58f3ba04e60321a23a8723a1ff2a9377502535e70495e5ada8e6e6722",
                "sha256:f72b5d24d6730035128b238decdc4c0f2104b7056a7ca55cf047c106842ec890",
                "sha256:fcddfe70553be717d9745990dfdb194e22ee0f60eb8f48c0794e7bfeda30d2d5",
                "sha256:fdb9f9ed79bc6f46b021b3319184699ba1a22410a82204e6e89c774530069683"
            ],
            "markers": "python_full_version >= '3.5.0'",
            "version": "==0.4.0"
        },
        "httpx": {
            "hashes": [
                "sha256:4c81dbf98a29cb4f51f415140df56542f9d4860798d713e336642e953cddd1db",
                "sha256:7b3c07bfdcdadd92020dd4c07b15932abdcf1c898422a4e98de3d19b2223310b"
            ],
            "markers": "python_version >= '3.6'",
            "version": "==0.15.4"
        },
        "idna": {
            "hashes": [
                "sha256:84d9dd047ffa80596e0f246e2eab0b391788b0503584e8945f2368256d2735ff",
                "sha256:9d643ff0a55b762d5cdb124b8eaa99c66322e2157b69160bc32796e824360e6d"
            ],
            "version": "==3.3"
        },
        "immutables": {
            "hashes": [
                "sha256:03696193b276db3a9b619629685198886ddd7c4098c544bd8d0f87532c74120b",
                "sha256:13159cedb698fdd243d9f2a7469c1628e075a180fc02f865dd98322b92a14aaf",
                "sha256:1330f96eb6a3a11f5d02f30b2c6393ef30d01a79f7144d63d2a3e6ff05cb99db",
                "sha256:1338aad6fd69f11442adcbb3402a028c90f6e945682ddb8aba462a3827f2d427",
                "sha256:1acbbc333f1643fd1ed21bcc3e09aad2ef6648478a0cae76a2ca5823764a7d3b",
                "sha256:1d6821d7718cf9f4a7b1d9e765fc22a9d1ae0fad3fabd8724b4e614d2a6e0b54",
                "sha256:210efea163a704597cfdb2d30713d3c0963c30f0d997539c9ab5da40e3d6a886",
                "sha256:29a5886845cd0ca8263b721337750a895e28feee2f16694a526977a791909db5",
                "sha256:2aa5292630b08c874972931bac06ee381cb6fb7382d7be1856234d7bd4a8e676",
                "sha256:2b6c820c9bb5aac62b76de703384bb8bb706108be90c3def4a7f047f185a92bb",
                "sha256:45bd862a5dfb952eaff4a9c2448712c5a550dd956575e23cbfc512010fb06c74",
                "sha256:525fe9001b5a96c325eec41677efaeb8c3610776e834ce7f31fbe3d33cc05252",
                "sha256:5336c7974084cce62f7e29aaff81a3c3f75e0fd0a23a2faeb986ae0ea08d8cf4",
                "sha256:535616ad7ca1174a27ade637192c970bfedb0b0e0467e69ce415b40d7cf7ba0c",
                "sha256:53fccddd28cc3214aa48ca564702311c07eac069190dd890e097802c5d69b33a",
                "sha256:54577e46c5332d7390212040c084335b7d667504847ed2788428d44f20e595ce",
                "sha256:5caf9c670e6851e7f310716c7dcdf8705236d13056eda1fab3deaad5d7198468",
                "sha256:5d43b16b6adbe1327c6688e14b125cb3b940e748790b305de96c8d55668ac25f",
                "sha256:5f32b5933393e4cc204d8f9e7d9f503ec052e30f612090be0de0dd31b1464b35",
                "sha256:69352b45a115808219feaf0bb7a551e9aa76c72684db93cd03f11474165f4569",
                "sha256:6baf4dc11ba0e9f41a6cbde7ecaa7af9cb482559b92ba3254e3e37a518b1970e",
                "sha256:6e979a9225507e3cd830ea73ac68b69fe82f495313a891485800daa5b6567e05",
                "sha256:6ee2d6f8816fce53fa89b6a1ba2d4a96b344bf584d6ed0b10a871b17fff46e49",
                "sha256:734ec4467dd15f9135ca5ecccc91e796a67d27c227e81554f9e06b1bb3b28d6d",
                "sha256:74456c579cfd53f883cdcc0700e3871648a3316767efc1adf8c723ad3d8addec",
                "sha256:77bdc96dc24e32839557cde3785f8039a369c95529ff9179044b81d0ba4bd02c",
                "sha256:798b4d6c388116effa7523591e4e39865292e4fa74e169b05a0759a16f604ce1",
                "sha256:853d63f4a07b2ea2131ba0831aeec11f6a6ee5e290e8f175bf56842762d7412e",
                "sha256:8b650d779a46441dccd02e7ee8326dbd0dec633c6bd75e9fe13373a6b19570dd",
                "sha256:90da9dea0a1c0a907d511f124cd87fe090c0e30a951c3fe68bc9782ae4f2c77f",
                "sha256:989606e440492736112b471dcd80586e3d4a63bc6f8ff4f9d1d612e0f96cb683",
                "sha256:98f67bd36532582751dcc9021fdb60e7efc82e5717ae5927b84d0b86ea58fe12",
                "sha256:9949f704b80d0e601587d0a3b1a0cc6ff5d49528f6dfc1c8a1476b2137bb925e",
                "sha256:9a86dcca4bb406f80e7a18c233aec0e76a7530c456e24aa1e19a708a34f2aac1",
                "sha256:9d72527fde329e3b566b67c954237be52b07d6e84ff23dcc1e94499755cacff6",
                "sha256:9f17407491164beb689d426f7985f79ae9dfa69868653cfbdb95645f6bf05cb0",
                "sha256:a29e3aa0fe05fb2cc6b31039f448aa6206d7f0cdb660c98aa9be6d12070d6840",
                "sha256:a3bad4d43009fa61ea40d887e6fa89ae7c4e62dff5e4a878d60b76cf245720bb",
                "sha256:ac9e05f846392e983fb59f74ed2334031b366251d16d24122e4c85f70fb6e2da",
                "sha256:b3621256bc8058a7973f736b9e2c940e17133476265a0a83b8df8c0f446ca32f",
                "sha256:bc830a689a55e404f0e23d7d69e01c218fa8a0be54a6ca5df45b6fbfeeac648a",
                "sha256:d11da4946e19f3b24a873b2ba2891cc226a89bb398561c62dfb966a9b6501a4a",
                "sha256:d841dfa15b932bdad27f5149bce86b32d0dd8a29679ed61405677317b6893447",
                "sha256:de1a091ab89b7ba50501a915a0fbdceb52b079c752f4f7c76d2060237774a714",
                "sha256:e04b61ddffd4ccb4d7ab823b2e55dbb4ad47c37697e311fae4b98b3c023ab194",
                "sha256:e4c2110173649acf67bd763bbd2a9c3a863a1d20fd7f3db3493ce4e0fb04fae5",
                "sha256:f6edb73619aa0a5fe4a77d97dd9d39bfeef61a5afe71aa5bdceccf59b933999e",
                "sha256:fade8ccf7afbc1e7ea353159fa90cc04395f2f4f57658160d7a02f6aa60c4e77",
                "sha256:ffced8535cc673fcfb411d28ba5744689a6978fa596c803725a76f43c1bda911"
            ],
            "markers": "python_version >= '3.6'",
            "version": "==0.18"
        },
        "jinja2": {
            "hashes": [
                "sha256:077ce6014f7b40d03b47d1f1ca4b0fc8328a692bd284016f806ed0eaca390ad8",
                "sha256:611bb273cd68f3b993fabdc4064fc858c5b47a973cb5aa7999ec1ba405c87cd7"
            ],
            "markers": "python_version >= '3.6'",
            "version": "==3.0.3"
        },
        "markupsafe": {
            "hashes": [
                "sha256:01a9b8ea66f1658938f65b93a85ebe8bc016e6769611be228d797c9d998dd298",
                "sha256:023cb26ec21ece8dc3907c0e8320058b2e0cb3c55cf9564da612bc325bed5e64",
                "sha256:0446679737af14f45767963a1a9ef7620189912317d095f2d9ffa183a4d25d2b",
                "sha256:04635854b943835a6ea959e948d19dcd311762c5c0c6e1f0e16ee57022669194",
                "sha256:0717a7390a68be14b8c793ba258e075c6f4ca819f15edfc2a3a027c823718567",
                "sha256:0955295dd5eec6cb6cc2fe1698f4c6d84af2e92de33fbcac4111913cd100a6ff",
                "sha256:0d4b31cc67ab36e3392bbf3862cfbadac3db12bdd8b02a2731f509ed5b829724",
                "sha256:10f82115e21dc0dfec9ab5c0223652f7197feb168c940f3ef61563fc2d6beb74",
                "sha256:168cd0a3642de83558a5153c8bd34f175a9a6e7f6dc6384b9655d2697312a646",
                "sha256:1d609f577dc6e1aa17d746f8bd3c31aa4d258f4070d61b2aa5c4166c1539de35",
                "sha256:1f2ade76b9903f39aa442b4aadd2177decb66525062db244b35d71d0ee8599b6",
                "sha256:20dca64a3ef2d6e4d5d615a3fd418ad3bde77a47ec8a23d984a12b5b4c74491a",
                "sha256:2a7d351cbd8cfeb19ca00de495e224dea7e7d919659c2841bbb7f420ad03e2d6",
                "sha256:2d7d807855b419fc2ed3e631034685db6079889a1f01d5d9dac950f764da3dad",
                "sha256:2ef54abee730b502252bcdf31b10dacb0a416229b72c18b19e24a4509f273d26",
                "sha256:36bc903cbb393720fad60fc28c10de6acf10dc6cc883f3e24ee4012371399a38",
                "sha256:37205cac2a79194e3750b0af2a5720d95f786a55ce7df90c3af697bfa100eaac",
                "sha256:3c112550557578c26af18a1ccc9e090bfe03832ae994343cfdacd287db6a6ae7",
                "sha256:3dd007d54ee88b46be476e293f48c85048603f5f516008bee124ddd891398ed6",
                "sha256:4296f2b1ce8c86a6aea78613c34bb1a672ea0e3de9c6ba08a960efe0b0a09047",
                "sha256:47ab1e7b91c098ab893b828deafa1203de86d0bc6ab587b160f78fe6c4011f75",
                "sha256:49e3ceeabbfb9d66c3aef5af3a60cc43b85c33df25ce03d0031a608b0a8b2e3f",
                "sha256:4dc8f9fb58f7364b63fd9f85013b780ef83c11857ae79f2feda41e270468dd9b",
                "sha256:4efca8f86c54b22348a5467704e3fec767b2db12fc39c6d963168ab1d3fc9135",
                "sha256:53edb4da6925ad13c07b6d26c2a852bd81e364f95301c66e930ab2aef5b5ddd8",
                "sha256:5855f8438a7d1d458206a2466bf82b0f104a3724bf96a1c781ab731e4201731a",
                "sha256:594c67807fb16238b30c44bdf74f36c02cdf22d1c8cda91ef8a0ed8dabf5620a",
                "sha256:5b6d930f030f8ed98e3e6c98ffa0652bdb82601e7a016ec2ab5d7ff23baa78d1",
                "sha256:5bb28c636d87e840583ee3adeb78172efc47c8b26127267f54a9c0ec251d41a9",
                "sha256:60bf42e36abfaf9aff1f50f52644b336d4f0a3fd6d8a60ca0d054ac9f713a864",
                "sha256:611d1ad9a4288cf3e3c16014564df047fe08410e628f89805e475368bd304914",
                "sha256:6300b8454aa6930a24b9618fbb54b5a68135092bc666f7b06901f897fa5c2fee",
                "sha256:63f3268ba69ace99cab4e3e3b5840b03340efed0948ab8f78d2fd87ee5442a4f",
                "sha256:6557b31b5e2c9ddf0de32a691f2312a32f77cd7681d8af66c2692efdbef84c18",
                "sha256:693ce3f9e70a6cf7d2fb9e6c9d8b204b6b39897a2c4a1aa65728d5ac97dcc1d8",
                "sha256:6a7fae0dd14cf60ad5ff42baa2e95727c3d81ded453457771d02b7d2b3f9c0c2",
                "sha256:6c4ca60fa24e85fe25b912b01e62cb969d69a23a5d5867682dd3e80b5b02581d",
                "sha256:6fcf051089389abe060c9cd7caa212c707e58153afa2c649f00346ce6d260f1b",
                "sha256:7d91275b0245b1da4d4cfa07e0faedd5b0812efc15b702576d103293e252af1b",
                "sha256:89c687013cb1cd489a0f0ac24febe8c7a666e6e221b783e53ac50ebf68e45d86",
                "sha256:8d206346619592c6200148b01a2142798c989edcb9c896f9ac9722a99d4e77e6",
                "sha256:905fec760bd2fa1388bb5b489ee8ee5f7291d692638ea5f67982d968366bef9f",
                "sha256:97383d78eb34da7e1fa37dd273c20ad4320929af65d156e35a5e2d89566d9dfb",
                "sha256:984d76483eb32f1bcb536dc27e4ad56bba4baa70be32fa87152832cdd9db0833",
                "sha256:99df47edb6bda1249d3e80fdabb1dab8c08ef3975f69aed437cb69d0a5de1e28",
                "sha256:9f02365d4e99430a12647f09b6cc8bab61a6564363f313126f775eb4f6ef798e",
                "sha256:a30e67a65b53ea0a5e62fe23682cfe22712e01f453b95233b25502f7c61cb415",
                "sha256:ab3ef638ace319fa26553db0624c4699e31a28bb2a835c5faca8f8acf6a5a902",
                "sha256:aca6377c0cb8a8253e493c6b451565ac77e98c2951c45f913e0b52facdcff83f",
                "sha256:add36cb2dbb8b736611303cd3bfcee00afd96471b09cda130da3581cbdc56a6d",
                "sha256:b2f4bf27480f5e5e8ce285a8c8fd176c0b03e93dcc6646477d4630e83440c6a9",
                "sha256:b7f2d075102dc8c794cbde1947378051c4e5180d52d276987b8d28a3bd58c17d",
                "sha256:baa1a4e8f868845af802979fcdbf0bb11f94f1cb7ced4c4b8a351bb60d108145",
                "sha256:be98f628055368795d818ebf93da628541e10b75b41c559fdf36d104c5787066",
                "sha256:bf5d821ffabf0ef3533c39c518f3357b171a1651c1ff6827325e4489b0e46c3c",
                "sha256:c47adbc92fc1bb2b3274c4b3a43ae0e4573d9fbff4f54cd484555edbf030baf1",
                "sha256:cdfba22ea2f0029c9261a4bd07e830a8da012291fbe44dc794e488b6c9bb353a",
                "sha256:d6c7ebd4e944c85e2c3421e612a7057a2f48d478d79e61800d81468a8d842207",
                "sha256:d7f9850398e85aba693bb640262d3611788b1f29a79f0c93c565694658f4071f",
                "sha256:d8446c54dc28c01e5a2dbac5a25f071f6653e6e40f3a8818e8b45d790fe6ef53",
                "sha256:deb993cacb280823246a026e3b2d81c493c53de6acfd5e6bfe31ab3402bb37dd",
                "sha256:e0f138900af21926a02425cf736db95be9f4af72ba1bb21453432a07f6082134",
                "sha256:e9936f0b261d4df76ad22f8fee3ae83b60d7c3e871292cd42f40b81b70afae85",
                "sha256:f0567c4dc99f264f49fe27da5f735f414c4e7e7dd850cfd8e69f0862d7c74ea9",
                "sha256:f5653a225f31e113b152e56f154ccbe59eeb1c7487b39b9d9f9cdb58e6c79dc5",
                "sha256:f826e31d18b516f653fe296d967d700fddad5901ae07c622bb3705955e1faa94",
                "sha256:f8ba0e8349a38d3001fae7eadded3f6606f0da5d748ee53cc1dab1d6527b9509",
                "sha256:f9081981fe268bd86831e5c75f7de206ef275defcb82bc70740ae6dc507aee51",
                "sha256:fa130dd50c57d53368c9d59395cb5526eda596d3ffe36666cd81a44d56e48872"
            ],
            "markers": "python_version >= '3.6'",
            "version": "==2.0.1"
        },
        "multidict": {
            "hashes": [
                "sha256:06560fbdcf22c9387100979e65b26fba0816c162b888cb65b845d3def7a54c9b",
                "sha256:067150fad08e6f2dd91a650c7a49ba65085303fcc3decbd64a57dc13a2733031",
                "sha256:0a2cbcfbea6dc776782a444db819c8b78afe4db597211298dd8b2222f73e9cd0",
                "sha256:0dd1c93edb444b33ba2274b66f63def8a327d607c6c790772f448a53b6ea59ce",
                "sha256:0fed465af2e0eb6357ba95795d003ac0bdb546305cc2366b1fc8f0ad67cc3fda",
                "sha256:116347c63ba049c1ea56e157fa8aa6edaf5e92925c9b64f3da7769bdfa012858",
                "sha256:1b4ac3ba7a97b35a5ccf34f41b5a8642a01d1e55454b699e5e8e7a99b5a3acf5",
                "sha256:1c7976cd1c157fa7ba5456ae5d31ccdf1479680dc9b8d8aa28afabc370df42b8",
                "sha256:246145bff76cc4b19310f0ad28bd0769b940c2a49fc601b86bfd150cbd72bb22",
                "sha256:25cbd39a9029b409167aa0a20d8a17f502d43f2efebfe9e3ac019fe6796c59ac",
                "sha256:28e6d883acd8674887d7edc896b91751dc2d8e87fbdca8359591a13872799e4e",
                "sha256:2d1d55cdf706ddc62822d394d1df53573d32a7a07d4f099470d3cb9323b721b6",
                "sha256:2e77282fd1d677c313ffcaddfec236bf23f273c4fba7cdf198108f5940ae10f5",
                "sha256:32fdba7333eb2351fee2596b756d730d62b5827d5e1ab2f84e6cbb287cc67fe0",
                "sha256:35591729668a303a02b06e8dba0eb8140c4a1bfd4c4b3209a436a02a5ac1de11",
                "sha256:380b868f55f63d048a25931a1632818f90e4be71d2081c2338fcf656d299949a",
                "sha256:3822c5894c72e3b35aae9909bef66ec83e44522faf767c0ad39e0e2de11d3b55",
                "sha256:38ba256ee9b310da6a1a0f013ef4e422fca30a685bcbec86a969bd520504e341",
                "sha256:3bc3b1621b979621cee9f7b09f024ec76ec03cc365e638126a056317470bde1b",
                "sha256:3d2d7d1fff8e09d99354c04c3fd5b560fb04639fd45926b34e27cfdec678a704",
                "sha256:517d75522b7b18a3385726b54a081afd425d4f41144a5399e5abd97ccafdf36b",
                "sha256:5f79c19c6420962eb17c7e48878a03053b7ccd7b69f389d5831c0a4a7f1ac0a1",
                "sha256:5f841c4f14331fd1e36cbf3336ed7be2cb2a8f110ce40ea253e5573387db7621",
                "sha256:637c1896497ff19e1ee27c1c2c2ddaa9f2d134bbb5e0c52254361ea20486418d",
                "sha256:6ee908c070020d682e9b42c8f621e8bb10c767d04416e2ebe44e37d0f44d9ad5",
                "sha256:77f0fb7200cc7dedda7a60912f2059086e29ff67cefbc58d2506638c1a9132d7",
                "sha256:7878b61c867fb2df7a95e44b316f88d5a3742390c99dfba6c557a21b30180cac",
                "sha256:78c106b2b506b4d895ddc801ff509f941119394b89c9115580014127414e6c2d",
                "sha256:8b911d74acdc1fe2941e59b4f1a278a330e9c34c6c8ca1ee21264c51ec9b67ef",
                "sha256:93de39267c4c676c9ebb2057e98a8138bade0d806aad4d864322eee0803140a0",
                "sha256:9416cf11bcd73c861267e88aea71e9fcc35302b3943e45e1dbb4317f91a4b34f",
                "sha256:94b117e27efd8e08b4046c57461d5a114d26b40824995a2eb58372b94f9fca02",
                "sha256:9815765f9dcda04921ba467957be543423e5ec6a1136135d84f2ae092c50d87b",
                "sha256:98ec9aea6223adf46999f22e2c0ab6cf33f5914be604a404f658386a8f1fba37",
                "sha256:a37e9a68349f6abe24130846e2f1d2e38f7ddab30b81b754e5a1fde32f782b23",
                "sha256:a43616aec0f0d53c411582c451f5d3e1123a68cc7b3475d6f7d97a626f8ff90d",
                "sha256:a4771d0d0ac9d9fe9e24e33bed482a13dfc1256d008d101485fe460359476065",
                "sha256:a5635bcf1b75f0f6ef3c8a1ad07b500104a971e38d3683167b9454cb6465ac86",
                "sha256:a9acb76d5f3dd9421874923da2ed1e76041cb51b9337fd7f507edde1d86535d6",
                "sha256:ac42181292099d91217a82e3fa3ce0e0ddf3a74fd891b7c2b347a7f5aa0edded",
                "sha256:b227345e4186809d31f22087d0265655114af7cda442ecaf72246275865bebe4",
                "sha256:b61f85101ef08cbbc37846ac0e43f027f7844f3fade9b7f6dd087178caedeee7",
                "sha256:b70913cbf2e14275013be98a06ef4b412329fe7b4f83d64eb70dce8269ed1e1a",
                "sha256:b9aad49466b8d828b96b9e3630006234879c8d3e2b0a9d99219b3121bc5cdb17",
                "sha256:baf1856fab8212bf35230c019cde7c641887e3fc08cadd39d32a421a30151ea3",
                "sha256:bd6c9c50bf2ad3f0448edaa1a3b55b2e6866ef8feca5d8dbec10ec7c94371d21",
                "sha256:c1ff762e2ee126e6f1258650ac641e2b8e1f3d927a925aafcfde943b77a36d24",
                "sha256:c30ac9f562106cd9e8071c23949a067b10211917fdcb75b4718cf5775356a940",
                "sha256:c9631c642e08b9fff1c6255487e62971d8b8e821808ddd013d8ac058087591ac",
                "sha256:cdd68778f96216596218b4e8882944d24a634d984ee1a5a049b300377878fa7c",
                "sha256:ce8cacda0b679ebc25624d5de66c705bc53dcc7c6f02a7fb0f3ca5e227d80422",
                "sha256:cfde464ca4af42a629648c0b0d79b8f295cf5b695412451716531d6916461628",
                "sha256:d3def943bfd5f1c47d51fd324df1e806d8da1f8e105cc7f1c76a1daf0f7e17b0",
                "sha256:d9b668c065968c5979fe6b6fa6760bb6ab9aeb94b75b73c0a9c1acf6393ac3bf",
                "sha256:da7d57ea65744d249427793c042094c4016789eb2562576fb831870f9c878d9e",
                "sha256:dc3a866cf6c13d59a01878cd806f219340f3e82eed514485e094321f24900677",
                "sha256:df23c83398715b26ab09574217ca21e14694917a0c857e356fd39e1c64f8283f",
                "sha256:dfc924a7e946dd3c6360e50e8f750d51e3ef5395c95dc054bc9eab0f70df4f9c",
                "sha256:e4a67f1080123de76e4e97a18d10350df6a7182e243312426d508712e99988d4",
                "sha256:e5283c0a00f48e8cafcecadebfa0ed1dac8b39e295c7248c44c665c16dc1138b",
                "sha256:e58a9b5cc96e014ddf93c2227cbdeca94b56a7eb77300205d6e4001805391747",
                "sha256:e6453f3cbeb78440747096f239d282cc57a2997a16b5197c9bc839099e1633d0",
                "sha256:e6c4fa1ec16e01e292315ba76eb1d012c025b99d22896bd14a66628b245e3e01",
                "sha256:e7d81ce5744757d2f05fc41896e3b2ae0458464b14b5a2c1e87a6a9d69aefaa8",
                "sha256:ea21d4d5104b4f840b91d9dc8cbc832aba9612121eaba503e54eaab1ad140eb9",
                "sha256:ecc99bce8ee42dcad15848c7885197d26841cb24fa2ee6e89d23b8993c871c64",
                "sha256:f0bb0973f42ffcb5e3537548e0767079420aefd94ba990b61cf7bb8d47f4916d",
                "sha256:f19001e790013ed580abfde2a4465388950728861b52f0da73e8e8a9418533c0",
                "sha256:f76440e480c3b2ca7f843ff8a48dc82446b86ed4930552d736c0bac507498a52",
                "sha256:f9bef5cff994ca3026fcc90680e326d1a19df9841c5e3d224076407cc21471a1",
                "sha256:fc66d4016f6e50ed36fb39cd287a3878ffcebfa90008535c62e0e90a7ab713ae",
                "sha256:fd77c8f3cba815aa69cb97ee2b2ef385c7c12ada9c734b0f3b32e26bb88bbf1d"
            ],
            "markers": "python_version >= '3.6'",
            "version": "==5.2.0"
        },
        "prometheus-client": {
            "hashes": [
                "sha256:e8c11ff5ca53de6c3d91e1510500611cafd1d247a937ec6c588a0a7cc3bef93c"
            ],
            "version": "==0.5.0"
        },
        "psutil": {
            "hashes": [
                "sha256:068935df39055bf27a29824b95c801c7a5130f118b806eee663cad28dca97685",
                "sha256:0904727e0b0a038830b019551cf3204dd48ef5c6868adc776e06e93d615fc5fc",
                "sha256:0f15a19a05f39a09327345bc279c1ba4a8cfb0172cc0d3c7f7d16c813b2e7d36",
                "sha256:19f36c16012ba9cfc742604df189f2f28d2720e23ff7d1e81602dbe066be9fd1",
                "sha256:20b27771b077dcaa0de1de3ad52d22538fe101f9946d6dc7869e6f694f079329",
                "sha256:28976df6c64ddd6320d281128817f32c29b539a52bdae5e192537bc338a9ec81",
                "sha256:29a442e25fab1f4d05e2655bb1b8ab6887981838d22effa2396d584b740194de",
                "sha256:3054e923204b8e9c23a55b23b6df73a8089ae1d075cb0bf711d3e9da1724ded4",
                "sha256:32c52611756096ae91f5d1499fe6c53b86f4a9ada147ee42db4991ba1520e574",
                "sha256:3a76ad658641172d9c6e593de6fe248ddde825b5866464c3b2ee26c35da9d237",
                "sha256:44d1826150d49ffd62035785a9e2c56afcea66e55b43b8b630d7706276e87f22",
                "sha256:4b6750a73a9c4a4e689490ccb862d53c7b976a2a35c4e1846d049dcc3f17d83b",
                "sha256:56960b9e8edcca1456f8c86a196f0c3d8e3e361320071c93378d41445ffd28b0",
                "sha256:57f1819b5d9e95cdfb0c881a8a5b7d542ed0b7c522d575706a80bedc848c8954",
                "sha256:58678bbadae12e0db55186dc58f2888839228ac9f41cc7848853539b70490021",
                "sha256:645bd4f7bb5b8633803e0b6746ff1628724668681a434482546887d22c7a9537",
                "sha256:799759d809c31aab5fe4579e50addf84565e71c1dc9f1c31258f159ff70d3f87",
                "sha256:79c9108d9aa7fa6fba6e668b61b82facc067a6b81517cab34d07a84aa89f3df0",
                "sha256:91c7ff2a40c373d0cc9121d54bc5f31c4fa09c346528e6a08d1845bce5771ffc",
                "sha256:9272167b5f5fbfe16945be3db475b3ce8d792386907e673a209da686176552af",
                "sha256:944c4b4b82dc4a1b805329c980f270f170fdc9945464223f2ec8e57563139cf4",
                "sha256:a6a11e48cb93a5fa606306493f439b4aa7c56cb03fc9ace7f6bfa21aaf07c453",
                "sha256:a8746bfe4e8f659528c5c7e9af5090c5a7d252f32b2e859c584ef7d8efb1e689",
                "sha256:abd9246e4cdd5b554a2ddd97c157e292ac11ef3e7af25ac56b08b455c829dca8",
                "sha256:b14ee12da9338f5e5b3a3ef7ca58b3cba30f5b66f7662159762932e6d0b8f680",
                "sha256:b88f75005586131276634027f4219d06e0561292be8bd6bc7f2f00bdabd63c4e",
                "sha256:c7be9d7f5b0d206f0bbc3794b8e16fb7dbc53ec9e40bbe8787c6f2d38efcf6c9",
                "sha256:d2d006286fbcb60f0b391741f520862e9b69f4019b4d738a2a45728c7e952f1b",
                "sha256:db417f0865f90bdc07fa30e1aadc69b6f4cad7f86324b02aa842034efe8d8c4d",
                "sha256:e7e10454cb1ab62cc6ce776e1c135a64045a11ec4c6d254d3f7689c16eb3efd2",
                "sha256:f65f9a46d984b8cd9b3750c2bdb419b2996895b005aefa6cbaba9a143b1ce2c5",
                "sha256:fea896b54f3a4ae6f790ac1d017101252c93f6fe075d0e7571543510f11d2676"
            ],
            "markers": "python_version >= '2.7' and python_version not in '3.0, 3.1, 3.2, 3.3'",
            "version": "==5.9.1"
        },
        "rfc3986": {
            "extras": [
                "idna2008"
            ],
            "hashes": [
                "sha256:270aaf10d87d0d4e095063c65bf3ddbc6ee3d0b226328ce21e036f946e421835",
                "sha256:a86d6e1f5b1dc238b218b012df0aa79409667bb209e58da56d0b94704e712a97"
            ],
            "version": "==1.5.0"
        },
        "sanic": {
            "hashes": [
                "sha256:6ff1c900775eaf4c35f50261513cbf6134b3c38e620437c92ed1c712d4dbe0dd",
                "sha256:ec87a2011956813d9d2411c5d1284a72b383d760b6f316361a7c056df783154c"
            ],
            "index": "pypi",
            "version": "==20.12.7"
        },
        "sanic-jinja2": {
            "hashes": [
                "sha256:8635150ef61c7e786c405086266378ac750de99801b0a70582c420cef4b388ba",
                "sha256:9781db31f8261cfe15c8553b4042e8b7400501f3a50127e41e08db7c86e9cc67"
            ],
            "index": "pypi",
            "version": "==0.7.4"
        },
        "sanic-prometheus": {
            "hashes": [
                "sha256:4f058bdcf89044da357190653de2b915308c7ad1372604abef05a841285ed3b1",
                "sha256:c122c964cf7a66f8c0ac53dfa09ed1c4cd898464e734be7394f2d277d8f77e85"
            ],
            "index": "pypi",
            "version": "==0.1.7"
        },
        "sniffio": {
            "hashes": [
                "sha256:471b71698eac1c2112a40ce2752bb2f4a4814c22a54a3eed3676bc0f5ca9f663",
                "sha256:c4666eecec1d3f50960c6bdf61ab7bc350648da6c126e3cf6898d8cd4ddcd3de"
            ],
            "markers": "python_full_version >= '3.5.0'",
            "version": "==1.2.0"
        },
        "typing-extensions": {
            "hashes": [
                "sha256:1a9462dcc3347a79b1f1c0271fbe79e844580bb598bafa1ed208b94da3cdcd42",
                "sha256:21c85e0fe4b9a155d0799430b0ad741cdce7e359660ccbd8b530613e8df88ce2"
            ],
            "markers": "python_version < '3.8'",
            "version": "==4.1.1"
        },
        "ujson": {
            "hashes": [
                "sha256:00fd67952b1a8a46cf5b0a51b3838187332d13d2e8d178423c5a5405c21d9e7c",
                "sha256:01d12df8eb25afb939a003284b5b5adca9788c1176c445641e5980fa892562ac",
                "sha256:087cd977f4f63f885a49607244e7e157801a22aadcc075a262d3c3633138573c",
                "sha256:0c81159d3f1bcb5729ba019e63e78ee6c91b556e1ac0e67c7579768720fd3c4e",
                "sha256:103cbabe4e6fd70c957219519e37d65be612d7c74d91ef19022a2c8f8c5e4e82",
                "sha256:1601354caaab0697a9b24815a31611ad013d29cf957d545fc1cd59835b82e3c1",
                "sha256:18040475d997d93a6851d8bee474fba2ec94869e8f826dddd66cdae4aa3fdb92",
                "sha256:1f211c7c0c9377cbf4650aa990118d0c2cce3c5fad476c39ecd35b6714ba4463",
                "sha256:294e907f134fb5d83e0a4439cf4040d74da77157938b4db5730cd174621dcf8b",
                "sha256:2a06006dad34c8cfaa734bd6458452e46702b368da53b56e7732351082aa0420",
                "sha256:327ec982bb89abe779fe463e1013c47aae6ed53b76600af7cb1e8b8cb0ee9f85",
                "sha256:32ee97ec37af31b35ca4395732d883bf74fb70309d38485f7fb9a5cc3332c53e",
                "sha256:3609e0514f6f721c6c9818b9374ec91b994e59fb193af2f924ca3f2f32009f1c",
                "sha256:3d8eaab72ad8129c12ed90ebf310230bd014b6bbf99145ebf2bc890238e0254f",
                "sha256:43d2403451d7bd27b6a600f89d4bd2cf6e1b3494254509d8b5ef3c8e94ae4d8e",
                "sha256:47af81df5d575e36d4be9396db94f35c8f62de3077a405f9af94f9756255cef5",
                "sha256:4f35dcf6d2a67e913a7135809006bd000d55ad5b5834b5dbe5b82dcf8db1ac05",
                "sha256:5d1083a0dcb39b43cfcd948f09e480c23eb4af66d7d08f6b36951f4c629c3bd1",
                "sha256:6df94e675b05ecf4e7a57883a73b916ffcb5872d7b1298ac5cef8ac1cbce73c6",
                "sha256:7a318df321d7adc3de876b29640cca8de1ad4d4e4fe7c4a76d64d9d6f1676304",
                "sha256:7b0a63865ec2978ebafb0906bf982eb52bea26fc98e2ae5e59b9d204afe2d762",
                "sha256:843fd8b3246b2b20bbae48b2334d26507c9531b2b014533adfc6132e3ec8e60c",
                "sha256:85f28c38952b8a94183ab15ec6c6e89c117d00ceeae5d754ef1a33e01e28b845",
                "sha256:8a0d9dde58937976cd06cd776411b77b0e5d38db0a3c1be28ee8bb428ff5a42b",
                "sha256:9baa160ba1d3f712a356e77718251c9d9eee43ed548debdcc9d75b06a75b3e82",
                "sha256:9c5330692122b999997911252466a7d17e4e428d7d9a8db0b99ba81b8b9c010c",
                "sha256:9f4a34386785a33600ac7442fec34c3d8b2d7e5309cfc94bc7c9ba93f12640c2",
                "sha256:a6c32356145d95a0403b5895d60c36798a48af13b8863e43ad7457a0361afad0",
                "sha256:b0b9cde57eebaac26de040f8ebf0541e06fe9bcf7e42872dc036d2ced7d99ccf",
                "sha256:b0e9510e867c72a87db2d16377c2bef912f29afd8381d1fdae332b9b7f697efa",
                "sha256:b270088e472f1d65a0a0aab3190010b9ac1a5b2969d39bf2b53c0fbf339bc87a",
                "sha256:b72fadeea5727204674c9f77166da7feaafdf70f1ed50bb15bf321f7c39c7194",
                "sha256:b80a35bad8fad1772f992bae8086b0cde788cd3b37f35d0d4506c93e6edad645",
                "sha256:b850029d64008e970cae04ada69aa33e1cd412106a1efde221269c1cda1b40cc",
                "sha256:baee56eca35cb5fbe02c28bd9c0936be41a96fa5c0812d9d4b7edeb5c3d568a0",
                "sha256:bf199015910fcfa19b6e12881abeb462498791b2ab0111ff8b17095d0477e9d4",
                "sha256:d8e2a52fbeee55db306b9306892f5cde7e78c56069c1212abf176d1886fff60a",
                "sha256:de42986e2602b6a0baca452ff50e9cbe66faf256761295d5d07ae3f6757b487d",
                "sha256:df481d4e13ca34d870d1fdf387742867edff3f78a1eea1bbcd72ea2fa68d9a6e",
                "sha256:e46c1462761db518fae51ab0d89a6256aeac148a795f7244d9084c459b477af5",
                "sha256:e7e73ec5ba1b42c2027773f69b70eff28df132907aa98b28166c39d3ea45e85b",
                "sha256:f158fdb08e022f2f16f0fba317a80558b0cebc7e2c84ae783e5f75616d5c90d5",
                "sha256:fc9a508efb829bf0542be9b2578d8da08f0ab1fa712e086ebb777d6ec9e6d8d2",
                "sha256:fd0901db652a58f46550074596227dbddb7a02d2de744d3cd2358101f78037bb"
            ],
            "markers": "sys_platform != 'win32' and implementation_name == 'cpython'",
            "version": "==4.3.0"
        },
        "uvloop": {
            "hashes": [
                "sha256:08b109f0213af392150e2fe6f81d33261bb5ce968a288eb698aad4f46eb711bd",
                "sha256:123ac9c0c7dd71464f58f1b4ee0bbd81285d96cdda8bc3519281b8973e3a461e",
                "sha256:4315d2ec3ca393dd5bc0b0089d23101276778c304d42faff5dc4579cb6caef09",
                "sha256:4544dcf77d74f3a84f03dd6278174575c44c67d7165d4c42c71db3fdc3860726",
                "sha256:afd5513c0ae414ec71d24f6f123614a80f3d27ca655a4fcf6cabe50994cc1891",
                "sha256:b4f591aa4b3fa7f32fb51e2ee9fea1b495eb75b0b3c8d0ca52514ad675ae63f7",
                "sha256:bcac356d62edd330080aed082e78d4b580ff260a677508718f88016333e2c9c5",
                "sha256:e7514d7a48c063226b7d06617cbb12a14278d4323a065a8d46a7962686ce2e95",
                "sha256:f07909cd9fc08c52d294b1570bba92186181ca01fe3dc9ffba68955273dd7362"
            ],
            "markers": "sys_platform != 'win32' and implementation_name == 'cpython'",
            "version": "==0.14.0"
        },
        "websockets": {
            "hashes": [
                "sha256:0dd4eb8e0bbf365d6f652711ce21b8fd2b596f873d32aabb0fbb53ec604418cc",
                "sha256:1d0971cc7251aeff955aa742ec541ee8aaea4bb2ebf0245748fbec62f744a37e",
                "sha256:1d6b4fddb12ab9adf87b843cd4316c4bd602db8d5efd2fb83147f0458fe85135",
                "sha256:230a3506df6b5f446fed2398e58dcaafdff12d67fe1397dff196411a9e820d02",
                "sha256:276d2339ebf0df4f45df453923ebd2270b87900eda5dfd4a6b0cfa15f82111c3",
                "sha256:2cf04601633a4ec176b9cc3d3e73789c037641001dbfaf7c411f89cd3e04fcaf",
                "sha256:3ddff38894c7857c476feb3538dd847514379d6dc844961dc99f04b0384b1b1b",
                "sha256:48c222feb3ced18f3dc61168ca18952a22fb88e5eb8902d2bf1b50faefdc34a2",
                "sha256:51d04df04ed9d08077d10ccbe21e6805791b78eac49d16d30a1f1fe2e44ba0af",
                "sha256:597c28f3aa7a09e8c070a86b03107094ee5cdafcc0d55f2f2eac92faac8dc67d",
                "sha256:5c8f0d82ea2468282e08b0cf5307f3ad022290ed50c45d5cb7767957ca782880",
                "sha256:7189e51955f9268b2bdd6cc537e0faa06f8fffda7fb386e5922c6391de51b077",
                "sha256:7df3596838b2a0c07c6f6d67752c53859a54993d4f062689fdf547cb56d0f84f",
                "sha256:826ccf85d4514609219725ba4a7abd569228c2c9f1968e8be05be366f68291ec",
                "sha256:836d14eb53b500fd92bd5db2fc5894f7c72b634f9c2a28f546f75967503d8e25",
                "sha256:85db8090ba94e22d964498a47fdd933b8875a1add6ebc514c7ac8703eb97bbf0",
                "sha256:85e701a6c316b7067f1e8675c638036a796fe5116783a4c932e7eb8e305a3ffe",
                "sha256:900589e19200be76dd7cbaa95e9771605b5ce3f62512d039fb3bc5da9014912a",
                "sha256:9147868bb0cc01e6846606cd65cbf9c58598f187b96d14dd1ca17338b08793bb",
                "sha256:9e7fdc775fe7403dbd8bc883ba59576a6232eac96dacb56512daacf7af5d618d",
                "sha256:ab5ee15d3462198c794c49ccd31773d8a2b8c17d622aa184f669d2b98c2f0857",
                "sha256:ad893d889bc700a5835e0a95a3e4f2c39e91577ab232a3dc03c262a0f8fc4b5c",
                "sha256:b2e71c4670ebe1067fa8632f0d081e47254ee2d3d409de54168b43b0ba9147e0",
                "sha256:b43b13e5622c5a53ab12f3272e6f42f1ce37cd5b6684b2676cb365403295cd40",
                "sha256:b4ad84b156cf50529b8ac5cc1638c2cf8680490e3fccb6121316c8c02620a2e4",
                "sha256:be5fd35e99970518547edc906efab29afd392319f020c3c58b0e1a158e16ed20",
                "sha256:caa68c95bc1776d3521f81eeb4d5b9438be92514ec2a79fececda814099c8314",
                "sha256:d144b350045c53c8ff09aa1cfa955012dd32f00c7e0862c199edcabb1a8b32da",
                "sha256:d2c2d9b24d3c65b5a02cac12cbb4e4194e590314519ed49db2f67ef561c3cf58",
                "sha256:e9e5fd6dbdf95d99bc03732ded1fc8ef22ebbc05999ac7e0c7bf57fe6e4e5ae2",
                "sha256:ebf459a1c069f9866d8569439c06193c586e72c9330db1390af7c6a0a32c4afd",
                "sha256:f31722f1c033c198aa4a39a01905951c00bd1c74f922e8afc1b1c62adbcdd56a",
                "sha256:f68c352a68e5fdf1e97288d5cec9296664c590c25932a8476224124aaf90dbcd"
            ],
            "markers": "python_full_version >= '3.6.1'",
            "version": "==9.1"
        }
    },
    "develop": {}
}
